// !$*UTF8*$!
{
	archiveVersion = 1;
	classes = {
	};
	objectVersion = 56;
	objects = {

/* Begin PBXBuildFile section */
		D3CA16A72C5FFC8A00A237D1 /* BambiniMathApp.swift in Sources */ = {isa = PBXBuildFile; fileRef = D3CA16A62C5FFC8A00A237D1 /* BambiniMathApp.swift */; };
		D3CA16A92C5FFC8A00A237D1 /* ContentView.swift in Sources */ = {isa = PBXBuildFile; fileRef = D3CA16A82C5FFC8A00A237D1 /* ContentView.swift */; };
		D3CA16AB2C5FFC8B00A237D1 /* Assets.xcassets in Resources */ = {isa = PBXBuildFile; fileRef = D3CA16AA2C5FFC8B00A237D1 /* Assets.xcassets */; };
		D3CA16AE2C5FFC8B00A237D1 /* Preview Assets.xcassets in Resources */ = {isa = PBXBuildFile; fileRef = D3CA16AD2C5FFC8B00A237D1 /* Preview Assets.xcassets */; };
		D3CA16BF2C5FFCF600A237D1 /* CoreDataManager.swift in Sources */ = {isa = PBXBuildFile; fileRef = D3CA16BE2C5FFCF600A237D1 /* CoreDataManager.swift */; };
		D3CA16C22C5FFCFF00A237D1 /* DataModel.xcdatamodeld in Sources */ = {isa = PBXBuildFile; fileRef = D3CA16C02C5FFCFF00A237D1 /* DataModel.xcdatamodeld */; };
		D3CA16C42C5FFD1600A237D1 /* DataService.swift in Sources */ = {isa = PBXBuildFile; fileRef = D3CA16C32C5FFD1600A237D1 /* DataService.swift */; };
		D3CA16C62C5FFD2000A237D1 /* SplashView.swift in Sources */ = {isa = PBXBuildFile; fileRef = D3CA16C52C5FFD2000A237D1 /* SplashView.swift */; };
		D3CA16C82C5FFD2B00A237D1 /* HomeView.swift in Sources */ = {isa = PBXBuildFile; fileRef = D3CA16C72C5FFD2B00A237D1 /* HomeView.swift */; };
		D3CA16CA2C5FFD3300A237D1 /* HomeViewModel.swift in Sources */ = {isa = PBXBuildFile; fileRef = D3CA16C92C5FFD3300A237D1 /* HomeViewModel.swift */; };
		D3CA16CC2C5FFD3C00A237D1 /* QuestionView.swift in Sources */ = {isa = PBXBuildFile; fileRef = D3CA16CB2C5FFD3C00A237D1 /* QuestionView.swift */; };
		D3CA16CE2C5FFD4400A237D1 /* QuestionViewModel.swift in Sources */ = {isa = PBXBuildFile; fileRef = D3CA16CD2C5FFD4400A237D1 /* QuestionViewModel.swift */; };
		D3CA16D02C5FFD5300A237D1 /* AppContainer.swift in Sources */ = {isa = PBXBuildFile; fileRef = D3CA16CF2C5FFD5300A237D1 /* AppContainer.swift */; };
		D3CA16D22C5FFD5C00A237D1 /* Inject.swift in Sources */ = {isa = PBXBuildFile; fileRef = D3CA16D12C5FFD5C00A237D1 /* Inject.swift */; };
		D3CA16D52C5FFF5400A237D1 /* Swinject in Frameworks */ = {isa = PBXBuildFile; productRef = D3CA16D42C5FFF5400A237D1 /* Swinject */; };
/* End PBXBuildFile section */

/* Begin PBXFileReference section */
		D3CA16A32C5FFC8A00A237D1 /* BambiniMath.app */ = {isa = PBXFileReference; explicitFileType = wrapper.application; includeInIndex = 0; path = BambiniMath.app; sourceTree = BUILT_PRODUCTS_DIR; };
		D3CA16A62C5FFC8A00A237D1 /* BambiniMathApp.swift */ = {isa = PBXFileReference; lastKnownFileType = sourcecode.swift; path = BambiniMathApp.swift; sourceTree = "<group>"; };
		D3CA16A82C5FFC8A00A237D1 /* ContentView.swift */ = {isa = PBXFileReference; lastKnownFileType = sourcecode.swift; path = ContentView.swift; sourceTree = "<group>"; };
		D3CA16AA2C5FFC8B00A237D1 /* Assets.xcassets */ = {isa = PBXFileReference; lastKnownFileType = folder.assetcatalog; path = Assets.xcassets; sourceTree = "<group>"; };
		D3CA16AD2C5FFC8B00A237D1 /* Preview Assets.xcassets */ = {isa = PBXFileReference; lastKnownFileType = folder.assetcatalog; path = "Preview Assets.xcassets"; sourceTree = "<group>"; };
		D3CA16BE2C5FFCF600A237D1 /* CoreDataManager.swift */ = {isa = PBXFileReference; lastKnownFileType = sourcecode.swift; path = CoreDataManager.swift; sourceTree = "<group>"; };
		D3CA16C12C5FFCFF00A237D1 /* DataModel.xcdatamodel */ = {isa = PBXFileReference; lastKnownFileType = wrapper.xcdatamodel; path = DataModel.xcdatamodel; sourceTree = "<group>"; };
		D3CA16C32C5FFD1600A237D1 /* DataService.swift */ = {isa = PBXFileReference; lastKnownFileType = sourcecode.swift; path = DataService.swift; sourceTree = "<group>"; };
		D3CA16C52C5FFD2000A237D1 /* SplashView.swift */ = {isa = PBXFileReference; lastKnownFileType = sourcecode.swift; path = SplashView.swift; sourceTree = "<group>"; };
		D3CA16C72C5FFD2B00A237D1 /* HomeView.swift */ = {isa = PBXFileReference; lastKnownFileType = sourcecode.swift; path = HomeView.swift; sourceTree = "<group>"; };
		D3CA16C92C5FFD3300A237D1 /* HomeViewModel.swift */ = {isa = PBXFileReference; lastKnownFileType = sourcecode.swift; path = HomeViewModel.swift; sourceTree = "<group>"; };
		D3CA16CB2C5FFD3C00A237D1 /* QuestionView.swift */ = {isa = PBXFileReference; lastKnownFileType = sourcecode.swift; path = QuestionView.swift; sourceTree = "<group>"; };
		D3CA16CD2C5FFD4400A237D1 /* QuestionViewModel.swift */ = {isa = PBXFileReference; lastKnownFileType = sourcecode.swift; path = QuestionViewModel.swift; sourceTree = "<group>"; };
		D3CA16CF2C5FFD5300A237D1 /* AppContainer.swift */ = {isa = PBXFileReference; lastKnownFileType = sourcecode.swift; path = AppContainer.swift; sourceTree = "<group>"; };
		D3CA16D12C5FFD5C00A237D1 /* Inject.swift */ = {isa = PBXFileReference; lastKnownFileType = sourcecode.swift; path = Inject.swift; sourceTree = "<group>"; };
/* End PBXFileReference section */

/* Begin PBXFrameworksBuildPhase section */
		D3CA16A02C5FFC8A00A237D1 /* Frameworks */ = {
			isa = PBXFrameworksBuildPhase;
			buildActionMask = 2147483647;
			files = (
				D3CA16D52C5FFF5400A237D1 /* Swinject in Frameworks */,
			);
			runOnlyForDeploymentPostprocessing = 0;
		};
/* End PBXFrameworksBuildPhase section */

/* Begin PBXGroup section */
		D3CA169A2C5FFC8A00A237D1 = {
			isa = PBXGroup;
			children = (
				D3CA16A52C5FFC8A00A237D1 /* BambiniMath */,
				D3CA16A42C5FFC8A00A237D1 /* Products */,
			);
			sourceTree = "<group>";
		};
		D3CA16A42C5FFC8A00A237D1 /* Products */ = {
			isa = PBXGroup;
			children = (
				D3CA16A32C5FFC8A00A237D1 /* BambiniMath.app */,
			);
			name = Products;
			sourceTree = "<group>";
		};
		D3CA16A52C5FFC8A00A237D1 /* BambiniMath */ = {
			isa = PBXGroup;
			children = (
				D3CA16B42C5FFC9900A237D1 /* DI */,
				D3CA16B62C5FFCB100A237D1 /* Data */,
				D3CA16B52C5FFCAC00A237D1 /* View */,
				D3CA16A62C5FFC8A00A237D1 /* BambiniMathApp.swift */,
				D3CA16A82C5FFC8A00A237D1 /* ContentView.swift */,
				D3CA16AA2C5FFC8B00A237D1 /* Assets.xcassets */,
				D3CA16AC2C5FFC8B00A237D1 /* Preview Content */,
			);
			path = BambiniMath;
			sourceTree = "<group>";
		};
		D3CA16AC2C5FFC8B00A237D1 /* Preview Content */ = {
			isa = PBXGroup;
			children = (
				D3CA16AD2C5FFC8B00A237D1 /* Preview Assets.xcassets */,
			);
			path = "Preview Content";
			sourceTree = "<group>";
		};
		D3CA16B42C5FFC9900A237D1 /* DI */ = {
			isa = PBXGroup;
			children = (
				D3CA16CF2C5FFD5300A237D1 /* AppContainer.swift */,
				D3CA16D12C5FFD5C00A237D1 /* Inject.swift */,
			);
			path = DI;
			sourceTree = "<group>";
		};
		D3CA16B52C5FFCAC00A237D1 /* View */ = {
			isa = PBXGroup;
			children = (
				D3CA16BC2C5FFCDA00A237D1 /* Splash */,
				D3CA16BB2C5FFCD200A237D1 /* Home */,
				D3CA16BA2C5FFCCC00A237D1 /* Question */,
			);
			path = View;
			sourceTree = "<group>";
		};
		D3CA16B62C5FFCB100A237D1 /* Data */ = {
			isa = PBXGroup;
			children = (
				D3CA16B92C5FFCC500A237D1 /* Manager */,
				D3CA16B82C5FFCC100A237D1 /* Model */,
				D3CA16B72C5FFCBC00A237D1 /* Service */,
			);
			path = Data;
			sourceTree = "<group>";
		};
		D3CA16B72C5FFCBC00A237D1 /* Service */ = {
			isa = PBXGroup;
			children = (
				D3CA16C32C5FFD1600A237D1 /* DataService.swift */,
			);
			path = Service;
			sourceTree = "<group>";
		};
		D3CA16B82C5FFCC100A237D1 /* Model */ = {
			isa = PBXGroup;
			children = (
				D3CA16C02C5FFCFF00A237D1 /* DataModel.xcdatamodeld */,
			);
			path = Model;
			sourceTree = "<group>";
		};
		D3CA16B92C5FFCC500A237D1 /* Manager */ = {
			isa = PBXGroup;
			children = (
				D3CA16BE2C5FFCF600A237D1 /* CoreDataManager.swift */,
			);
			path = Manager;
			sourceTree = "<group>";
		};
		D3CA16BA2C5FFCCC00A237D1 /* Question */ = {
			isa = PBXGroup;
			children = (
				D3CA16CB2C5FFD3C00A237D1 /* QuestionView.swift */,
				D3CA16CD2C5FFD4400A237D1 /* QuestionViewModel.swift */,
			);
			path = Question;
			sourceTree = "<group>";
		};
		D3CA16BB2C5FFCD200A237D1 /* Home */ = {
			isa = PBXGroup;
			children = (
				D3CA16C72C5FFD2B00A237D1 /* HomeView.swift */,
				D3CA16C92C5FFD3300A237D1 /* HomeViewModel.swift */,
			);
			path = Home;
			sourceTree = "<group>";
		};
		D3CA16BC2C5FFCDA00A237D1 /* Splash */ = {
			isa = PBXGroup;
			children = (
				D3CA16C52C5FFD2000A237D1 /* SplashView.swift */,
			);
			path = Splash;
			sourceTree = "<group>";
		};
/* End PBXGroup section */

/* Begin PBXNativeTarget section */
		D3CA16A22C5FFC8A00A237D1 /* BambiniMath */ = {
			isa = PBXNativeTarget;
			buildConfigurationList = D3CA16B12C5FFC8B00A237D1 /* Build configuration list for PBXNativeTarget "BambiniMath" */;
			buildPhases = (
				D3CA169F2C5FFC8A00A237D1 /* Sources */,
				D3CA16A02C5FFC8A00A237D1 /* Frameworks */,
				D3CA16A12C5FFC8A00A237D1 /* Resources */,
			);
			buildRules = (
			);
			dependencies = (
			);
			name = BambiniMath;
			packageProductDependencies = (
				D3CA16D42C5FFF5400A237D1 /* Swinject */,
			);
			productName = BambiniMath;
			productReference = D3CA16A32C5FFC8A00A237D1 /* BambiniMath.app */;
			productType = "com.apple.product-type.application";
		};
/* End PBXNativeTarget section */

/* Begin PBXProject section */
		D3CA169B2C5FFC8A00A237D1 /* Project object */ = {
			isa = PBXProject;
			attributes = {
				BuildIndependentTargetsInParallel = 1;
				LastSwiftUpdateCheck = 1540;
				LastUpgradeCheck = 1540;
				TargetAttributes = {
					D3CA16A22C5FFC8A00A237D1 = {
						CreatedOnToolsVersion = 15.4;
					};
				};
			};
			buildConfigurationList = D3CA169E2C5FFC8A00A237D1 /* Build configuration list for PBXProject "BambiniMath" */;
			compatibilityVersion = "Xcode 14.0";
			developmentRegion = en;
			hasScannedForEncodings = 0;
			knownRegions = (
				en,
				Base,
			);
			mainGroup = D3CA169A2C5FFC8A00A237D1;
			packageReferences = (
				D3CA16D32C5FFF5400A237D1 /* XCRemoteSwiftPackageReference "Swinject" */,
			);
			productRefGroup = D3CA16A42C5FFC8A00A237D1 /* Products */;
			projectDirPath = "";
			projectRoot = "";
			targets = (
				D3CA16A22C5FFC8A00A237D1 /* BambiniMath */,
			);
		};
/* End PBXProject section */

/* Begin PBXResourcesBuildPhase section */
		D3CA16A12C5FFC8A00A237D1 /* Resources */ = {
			isa = PBXResourcesBuildPhase;
			buildActionMask = 2147483647;
			files = (
				D3CA16AE2C5FFC8B00A237D1 /* Preview Assets.xcassets in Resources */,
				D3CA16AB2C5FFC8B00A237D1 /* Assets.xcassets in Resources */,
			);
			runOnlyForDeploymentPostprocessing = 0;
		};
/* End PBXResourcesBuildPhase section */

/* Begin PBXSourcesBuildPhase section */
		D3CA169F2C5FFC8A00A237D1 /* Sources */ = {
			isa = PBXSourcesBuildPhase;
			buildActionMask = 2147483647;
			files = (
				D3CA16BF2C5FFCF600A237D1 /* CoreDataManager.swift in Sources */,
				D3CA16C82C5FFD2B00A237D1 /* HomeView.swift in Sources */,
				D3CA16CE2C5FFD4400A237D1 /* QuestionViewModel.swift in Sources */,
				D3CA16C22C5FFCFF00A237D1 /* DataModel.xcdatamodeld in Sources */,
				D3CA16CA2C5FFD3300A237D1 /* HomeViewModel.swift in Sources */,
				D3CA16A92C5FFC8A00A237D1 /* ContentView.swift in Sources */,
				D3CA16D02C5FFD5300A237D1 /* AppContainer.swift in Sources */,
				D3CA16A72C5FFC8A00A237D1 /* BambiniMathApp.swift in Sources */,
				D3CA16D22C5FFD5C00A237D1 /* Inject.swift in Sources */,
				D3CA16C42C5FFD1600A237D1 /* DataService.swift in Sources */,
				D3CA16CC2C5FFD3C00A237D1 /* QuestionView.swift in Sources */,
				D3CA16C62C5FFD2000A237D1 /* SplashView.swift in Sources */,
			);
			runOnlyForDeploymentPostprocessing = 0;
		};
/* End PBXSourcesBuildPhase section */

/* Begin XCBuildConfiguration section */
		D3CA16AF2C5FFC8B00A237D1 /* Debug */ = {
			isa = XCBuildConfiguration;
			buildSettings = {
				ALWAYS_SEARCH_USER_PATHS = NO;
				ASSETCATALOG_COMPILER_GENERATE_SWIFT_ASSET_SYMBOL_EXTENSIONS = YES;
				CLANG_ANALYZER_NONNULL = YES;
				CLANG_ANALYZER_NUMBER_OBJECT_CONVERSION = YES_AGGRESSIVE;
				CLANG_CXX_LANGUAGE_STANDARD = "gnu++20";
				CLANG_ENABLE_MODULES = YES;
				CLANG_ENABLE_OBJC_ARC = YES;
				CLANG_ENABLE_OBJC_WEAK = YES;
				CLANG_WARN_BLOCK_CAPTURE_AUTORELEASING = YES;
				CLANG_WARN_BOOL_CONVERSION = YES;
				CLANG_WARN_COMMA = YES;
				CLANG_WARN_CONSTANT_CONVERSION = YES;
				CLANG_WARN_DEPRECATED_OBJC_IMPLEMENTATIONS = YES;
				CLANG_WARN_DIRECT_OBJC_ISA_USAGE = YES_ERROR;
				CLANG_WARN_DOCUMENTATION_COMMENTS = YES;
				CLANG_WARN_EMPTY_BODY = YES;
				CLANG_WARN_ENUM_CONVERSION = YES;
				CLANG_WARN_INFINITE_RECURSION = YES;
				CLANG_WARN_INT_CONVERSION = YES;
				CLANG_WARN_NON_LITERAL_NULL_CONVERSION = YES;
				CLANG_WARN_OBJC_IMPLICIT_RETAIN_SELF = YES;
				CLANG_WARN_OBJC_LITERAL_CONVERSION = YES;
				CLANG_WARN_OBJC_ROOT_CLASS = YES_ERROR;
				CLANG_WARN_QUOTED_INCLUDE_IN_FRAMEWORK_HEADER = YES;
				CLANG_WARN_RANGE_LOOP_ANALYSIS = YES;
				CLANG_WARN_STRICT_PROTOTYPES = YES;
				CLANG_WARN_SUSPICIOUS_MOVE = YES;
				CLANG_WARN_UNGUARDED_AVAILABILITY = YES_AGGRESSIVE;
				CLANG_WARN_UNREACHABLE_CODE = YES;
				CLANG_WARN__DUPLICATE_METHOD_MATCH = YES;
				COPY_PHASE_STRIP = NO;
				DEBUG_INFORMATION_FORMAT = dwarf;
				ENABLE_STRICT_OBJC_MSGSEND = YES;
				ENABLE_TESTABILITY = YES;
				ENABLE_USER_SCRIPT_SANDBOXING = YES;
				GCC_C_LANGUAGE_STANDARD = gnu17;
				GCC_DYNAMIC_NO_PIC = NO;
				GCC_NO_COMMON_BLOCKS = YES;
				GCC_OPTIMIZATION_LEVEL = 0;
				GCC_PREPROCESSOR_DEFINITIONS = (
					"DEBUG=1",
					"$(inherited)",
				);
				GCC_WARN_64_TO_32_BIT_CONVERSION = YES;
				GCC_WARN_ABOUT_RETURN_TYPE = YES_ERROR;
				GCC_WARN_UNDECLARED_SELECTOR = YES;
				GCC_WARN_UNINITIALIZED_AUTOS = YES_AGGRESSIVE;
				GCC_WARN_UNUSED_FUNCTION = YES;
				GCC_WARN_UNUSED_VARIABLE = YES;
				IPHONEOS_DEPLOYMENT_TARGET = 17.5;
				LOCALIZATION_PREFERS_STRING_CATALOGS = YES;
				MTL_ENABLE_DEBUG_INFO = INCLUDE_SOURCE;
				MTL_FAST_MATH = YES;
				ONLY_ACTIVE_ARCH = YES;
				SDKROOT = iphoneos;
				SWIFT_ACTIVE_COMPILATION_CONDITIONS = "DEBUG $(inherited)";
				SWIFT_OPTIMIZATION_LEVEL = "-Onone";
			};
			name = Debug;
		};
		D3CA16B02C5FFC8B00A237D1 /* Release */ = {
			isa = XCBuildConfiguration;
			buildSettings = {
				ALWAYS_SEARCH_USER_PATHS = NO;
				ASSETCATALOG_COMPILER_GENERATE_SWIFT_ASSET_SYMBOL_EXTENSIONS = YES;
				CLANG_ANALYZER_NONNULL = YES;
				CLANG_ANALYZER_NUMBER_OBJECT_CONVERSION = YES_AGGRESSIVE;
				CLANG_CXX_LANGUAGE_STANDARD = "gnu++20";
				CLANG_ENABLE_MODULES = YES;
				CLANG_ENABLE_OBJC_ARC = YES;
				CLANG_ENABLE_OBJC_WEAK = YES;
				CLANG_WARN_BLOCK_CAPTURE_AUTORELEASING = YES;
				CLANG_WARN_BOOL_CONVERSION = YES;
				CLANG_WARN_COMMA = YES;
				CLANG_WARN_CONSTANT_CONVERSION = YES;
				CLANG_WARN_DEPRECATED_OBJC_IMPLEMENTATIONS = YES;
				CLANG_WARN_DIRECT_OBJC_ISA_USAGE = YES_ERROR;
				CLANG_WARN_DOCUMENTATION_COMMENTS = YES;
				CLANG_WARN_EMPTY_BODY = YES;
				CLANG_WARN_ENUM_CONVERSION = YES;
				CLANG_WARN_INFINITE_RECURSION = YES;
				CLANG_WARN_INT_CONVERSION = YES;
				CLANG_WARN_NON_LITERAL_NULL_CONVERSION = YES;
				CLANG_WARN_OBJC_IMPLICIT_RETAIN_SELF = YES;
				CLANG_WARN_OBJC_LITERAL_CONVERSION = YES;
				CLANG_WARN_OBJC_ROOT_CLASS = YES_ERROR;
				CLANG_WARN_QUOTED_INCLUDE_IN_FRAMEWORK_HEADER = YES;
				CLANG_WARN_RANGE_LOOP_ANALYSIS = YES;
				CLANG_WARN_STRICT_PROTOTYPES = YES;
				CLANG_WARN_SUSPICIOUS_MOVE = YES;
				CLANG_WARN_UNGUARDED_AVAILABILITY = YES_AGGRESSIVE;
				CLANG_WARN_UNREACHABLE_CODE = YES;
				CLANG_WARN__DUPLICATE_METHOD_MATCH = YES;
				COPY_PHASE_STRIP = NO;
				DEBUG_INFORMATION_FORMAT = "dwarf-with-dsym";
				ENABLE_NS_ASSERTIONS = NO;
				ENABLE_STRICT_OBJC_MSGSEND = YES;
				ENABLE_USER_SCRIPT_SANDBOXING = YES;
				GCC_C_LANGUAGE_STANDARD = gnu17;
				GCC_NO_COMMON_BLOCKS = YES;
				GCC_WARN_64_TO_32_BIT_CONVERSION = YES;
				GCC_WARN_ABOUT_RETURN_TYPE = YES_ERROR;
				GCC_WARN_UNDECLARED_SELECTOR = YES;
				GCC_WARN_UNINITIALIZED_AUTOS = YES_AGGRESSIVE;
				GCC_WARN_UNUSED_FUNCTION = YES;
				GCC_WARN_UNUSED_VARIABLE = YES;
				IPHONEOS_DEPLOYMENT_TARGET = 17.5;
				LOCALIZATION_PREFERS_STRING_CATALOGS = YES;
				MTL_ENABLE_DEBUG_INFO = NO;
				MTL_FAST_MATH = YES;
				SDKROOT = iphoneos;
				SWIFT_COMPILATION_MODE = wholemodule;
				VALIDATE_PRODUCT = YES;
			};
			name = Release;
		};
		D3CA16B22C5FFC8B00A237D1 /* Debug */ = {
			isa = XCBuildConfiguration;
			buildSettings = {
				ASSETCATALOG_COMPILER_APPICON_NAME = AppIcon;
				ASSETCATALOG_COMPILER_GLOBAL_ACCENT_COLOR_NAME = AccentColor;
				CODE_SIGN_STYLE = Automatic;
				CURRENT_PROJECT_VERSION = 1;
				DEVELOPMENT_ASSET_PATHS = "\"BambiniMath/Preview Content\"";
				DEVELOPMENT_TEAM = "";
				ENABLE_PREVIEWS = YES;
				GENERATE_INFOPLIST_FILE = YES;
				INFOPLIST_KEY_UIApplicationSceneManifest_Generation = YES;
				INFOPLIST_KEY_UIApplicationSupportsIndirectInputEvents = YES;
				INFOPLIST_KEY_UILaunchScreen_Generation = YES;
				INFOPLIST_KEY_UISupportedInterfaceOrientations_iPad = "UIInterfaceOrientationPortrait UIInterfaceOrientationPortraitUpsideDown UIInterfaceOrientationLandscapeLeft UIInterfaceOrientationLandscapeRight";
				INFOPLIST_KEY_UISupportedInterfaceOrientations_iPhone = "UIInterfaceOrientationPortrait UIInterfaceOrientationLandscapeLeft UIInterfaceOrientationLandscapeRight";
				LD_RUNPATH_SEARCH_PATHS = (
					"$(inherited)",
					"@executable_path/Frameworks",
				);
				MARKETING_VERSION = 1.0;
				PRODUCT_BUNDLE_IDENTIFIER = com.childhood.BambiniMath;
				PRODUCT_NAME = "$(TARGET_NAME)";
				SWIFT_EMIT_LOC_STRINGS = YES;
				SWIFT_VERSION = 5.0;
				TARGETED_DEVICE_FAMILY = "1,2";
			};
			name = Debug;
		};
		D3CA16B32C5FFC8B00A237D1 /* Release */ = {
			isa = XCBuildConfiguration;
			buildSettings = {
				ASSETCATALOG_COMPILER_APPICON_NAME = AppIcon;
				ASSETCATALOG_COMPILER_GLOBAL_ACCENT_COLOR_NAME = AccentColor;
				CODE_SIGN_STYLE = Automatic;
				CURRENT_PROJECT_VERSION = 1;
				DEVELOPMENT_ASSET_PATHS = "\"BambiniMath/Preview Content\"";
				DEVELOPMENT_TEAM = "";
				ENABLE_PREVIEWS = YES;
				GENERATE_INFOPLIST_FILE = YES;
				INFOPLIST_KEY_UIApplicationSceneManifest_Generation = YES;
				INFOPLIST_KEY_UIApplicationSupportsIndirectInputEvents = YES;
				INFOPLIST_KEY_UILaunchScreen_Generation = YES;
				INFOPLIST_KEY_UISupportedInterfaceOrientations_iPad = "UIInterfaceOrientationPortrait UIInterfaceOrientationPortraitUpsideDown UIInterfaceOrientationLandscapeLeft UIInterfaceOrientationLandscapeRight";
				INFOPLIST_KEY_UISupportedInterfaceOrientations_iPhone = "UIInterfaceOrientationPortrait UIInterfaceOrientationLandscapeLeft UIInterfaceOrientationLandscapeRight";
				LD_RUNPATH_SEARCH_PATHS = (
					"$(inherited)",
					"@executable_path/Frameworks",
				);
				MARKETING_VERSION = 1.0;
				PRODUCT_BUNDLE_IDENTIFIER = com.childhood.BambiniMath;
				PRODUCT_NAME = "$(TARGET_NAME)";
				SWIFT_EMIT_LOC_STRINGS = YES;
				SWIFT_VERSION = 5.0;
				TARGETED_DEVICE_FAMILY = "1,2";
			};
			name = Release;
		};
/* End XCBuildConfiguration section */

/* Begin XCConfigurationList section */
		D3CA169E2C5FFC8A00A237D1 /* Build configuration list for PBXProject "BambiniMath" */ = {
			isa = XCConfigurationList;
			buildConfigurations = (
				D3CA16AF2C5FFC8B00A237D1 /* Debug */,
				D3CA16B02C5FFC8B00A237D1 /* Release */,
			);
			defaultConfigurationIsVisible = 0;
			defaultConfigurationName = Release;
		};
		D3CA16B12C5FFC8B00A237D1 /* Build configuration list for PBXNativeTarget "BambiniMath" */ = {
			isa = XCConfigurationList;
			buildConfigurations = (
				D3CA16B22C5FFC8B00A237D1 /* Debug */,
				D3CA16B32C5FFC8B00A237D1 /* Release */,
			);
			defaultConfigurationIsVisible = 0;
			defaultConfigurationName = Release;
		};
/* End XCConfigurationList section */

/* Begin XCRemoteSwiftPackageReference section */
		D3CA16D32C5FFF5400A237D1 /* XCRemoteSwiftPackageReference "Swinject" */ = {
			isa = XCRemoteSwiftPackageReference;
			repositoryURL = "https://github.com/Swinject/Swinject.git";
			requirement = {
				kind = upToNextMajorVersion;
				minimumVersion = 2.9.1;
			};
		};
/* End XCRemoteSwiftPackageReference section */

/* Begin XCSwiftPackageProductDependency section */
		D3CA16D42C5FFF5400A237D1 /* Swinject */ = {
			isa = XCSwiftPackageProductDependency;
			package = D3CA16D32C5FFF5400A237D1 /* XCRemoteSwiftPackageReference "Swinject" */;
			productName = Swinject;
		};
/* End XCSwiftPackageProductDependency section */

/* Begin XCVersionGroup section */
		D3CA16C02C5FFCFF00A237D1 /* DataModel.xcdatamodeld */ = {
			isa = XCVersionGroup;
			children = (
				D3CA16C12C5FFCFF00A237D1 /* DataModel.xcdatamodel */,
			);
			currentVersion = D3CA16C12C5FFCFF00A237D1 /* DataModel.xcdatamodel */;
			name = DataModel.xcdatamodeld;
			path = "/Users/enricomaricar/Documents/XCode Project/BambiniMath/BambiniMath/Data/Model/DataModel.xcdatamodeld";
			sourceTree = "<group>";
			versionGroupType = wrapper.xcdatamodel;
		};
/* End XCVersionGroup section */
	};
	rootObject = D3CA169B2C5FFC8A00A237D1 /* Project object */;
}
